{
  "version": "5",
  "redirects": {
    "https://deno.land/x/deno_dom/deno-dom-wasm.ts": "https://deno.land/x/deno_dom@v0.1.56/deno-dom-wasm.ts"
  },
  "remote": {
    "https://cdn.skypack.dev/-/@chevrotain/cst-dts-gen@v10.1.2-L9cjngLxEK6b6DaS0ro1/dist=es2019,mode=imports/optimized/@chevrotain/cst-dts-gen.js": "9ab4d4c0683b503c04868eafc4b1535a163b041aa9e90a5b0a9b51a4debd2698",
    "https://cdn.skypack.dev/-/@chevrotain/gast@v10.1.2-dH0gAVL9B4ZBJW8UDGJz/dist=es2019,mode=imports/optimized/@chevrotain/gast.js": "9966015e66baeda04bb824543571ee59550c18a32c0d9c17be94e55793a5aac0",
    "https://cdn.skypack.dev/-/@chevrotain/utils@v10.1.2-Ro2n3Ywl44E4ATlofc3d/dist=es2019,mode=imports/optimized/@chevrotain/utils.js": "dc03301ae4df2723b506ebc0b5d93a13e9f4add14bb363f627ebac675041a0ab",
    "https://cdn.skypack.dev/-/@opennetwork/http-representation@v3.0.0-EhtcZmTULKrwtCGotxxk/dist=es2019,mode=imports/optimized/@opennetwork/http-representation.js": "b208befc68cf0edfe259de901b48da7cccf66b2fab7d4b3648050cd64eb54be8",
    "https://cdn.skypack.dev/-/@virtualstate/composite-key@v1.0.0-4ZjeYUFNn9eS2pSAUjwp/dist=es2019,mode=imports/optimized/@virtualstate/composite-key.js": "1d5fc5fdec4a740f2afa48f4bb0adfa2e173fbcae744f3fa19ea415ae22f3211",
    "https://cdn.skypack.dev/-/@virtualstate/focus@v1.0.1-qnzJIhGAkKhkfc8HH474/dist=es2019,mode=imports/optimized/@virtualstate/focus.js": "a649388aeff3613243ad06a717633e21cfa062b9d884ac0cf8a9ab98b2933b2c",
    "https://cdn.skypack.dev/-/@virtualstate/focus@v1.0.1-qnzJIhGAkKhkfc8HH474/dist=es2019,mode=imports/optimized/@virtualstate/focus/static-h.js": "451bf715759861dc39599a96179cb7a0a3483b13b9dc1a4c7d829070c86528d7",
    "https://cdn.skypack.dev/-/@virtualstate/focus@v1.0.1-qnzJIhGAkKhkfc8HH474/dist=es2019,mode=imports/optimized/common/children-5d8a3795.js": "28d6e1f6a76f5f443b06c1919ee618340a130de20fcf6b32e0f646aabd97a8af",
    "https://cdn.skypack.dev/-/@virtualstate/focus@v1.0.1-qnzJIhGAkKhkfc8HH474/dist=es2019,mode=imports/optimized/common/design-eaacb15d.js": "cbbd8e660045abc874fc299b2e9a0ce2fc67a6a51514e681c4c900cb94513ba8",
    "https://cdn.skypack.dev/-/@virtualstate/focus@v1.0.1-qnzJIhGAkKhkfc8HH474/dist=es2019,mode=imports/optimized/common/proxy-h-464b4dcc.js": "5f6e7a8227721d8c5641c2b92b19e638dde472bcf768cb942b8ecae21894bbdf",
    "https://cdn.skypack.dev/-/@virtualstate/focus@v1.0.1-qnzJIhGAkKhkfc8HH474/dist=es2019,mode=imports/optimized/common/to-json-ea1bdcf5.js": "0cba4473d629993822b2ab62d33e2a2762977e578e054f982e38d6ad3c18ed8e",
    "https://cdn.skypack.dev/-/@virtualstate/focus@v1.0.1-qnzJIhGAkKhkfc8HH474/dist=es2019,mode=imports/optimized/common/to-map-03fe5966.js": "6b3f077f61cc3edf6024c505ea8122a03adb06c542f2714f3942b76aae66b5e4",
    "https://cdn.skypack.dev/-/@virtualstate/focus@v1.0.1-qnzJIhGAkKhkfc8HH474/dist=es2019,mode=imports/optimized/common/to-tree-8c99e641.js": "df0be3e1853f6c2e3e2c91ee77362bc10770d5e75a2338affacc1bf20bdc65ea",
    "https://cdn.skypack.dev/-/@virtualstate/focus@v1.4.10-alpha.4-bz5BNVH93Pbx81dDY6cV/dist=es2019,mode=imports/optimized/@virtualstate/focus.js": "95347599d36d9c8d513faff096344c4b76f218e313bc35e67a750f3af3253f56",
    "https://cdn.skypack.dev/-/@virtualstate/focus@v1.4.10-alpha.4-bz5BNVH93Pbx81dDY6cV/dist=es2019,mode=imports/optimized/@virtualstate/focus/static-h.js": "451bf715759861dc39599a96179cb7a0a3483b13b9dc1a4c7d829070c86528d7",
    "https://cdn.skypack.dev/-/@virtualstate/focus@v1.4.10-alpha.4-bz5BNVH93Pbx81dDY6cV/dist=es2019,mode=imports/optimized/common/children-1a946915.js": "f738f9042b5d5e33299cf3689060960ab38573816d67a0c1e154e36970bb7ab5",
    "https://cdn.skypack.dev/-/@virtualstate/focus@v1.4.10-alpha.4-bz5BNVH93Pbx81dDY6cV/dist=es2019,mode=imports/optimized/common/design-e45f2817.js": "6a8df76e5934c6573d0f6f1c02fbd183e76bbb9f66ed7177f1cdfd837b1035a9",
    "https://cdn.skypack.dev/-/@virtualstate/focus@v1.4.10-alpha.4-bz5BNVH93Pbx81dDY6cV/dist=es2019,mode=imports/optimized/common/proxy-h-db0ade9b.js": "98f129314540de4ab01cd97369e05cfc2cb032da0f80151e60b9f677fe4ff43b",
    "https://cdn.skypack.dev/-/@virtualstate/focus@v1.4.10-alpha.4-bz5BNVH93Pbx81dDY6cV/dist=es2019,mode=imports/optimized/common/to-json-024be533.js": "5b39cf098db2215682b86dfce6466b77bb4195ffd1f4ac28749362ca99103471",
    "https://cdn.skypack.dev/-/@virtualstate/focus@v1.4.10-alpha.4-bz5BNVH93Pbx81dDY6cV/dist=es2019,mode=imports/optimized/common/to-map-3353b40b.js": "613ab8c11f5351417f07a902288c8403206fca729f085761c8b6ea3e1a0441ae",
    "https://cdn.skypack.dev/-/@virtualstate/focus@v1.4.10-alpha.4-bz5BNVH93Pbx81dDY6cV/dist=es2019,mode=imports/optimized/common/to-string-aa9d1dd0.js": "c348979842cbd93727acdcd4a3ded70716bdc4b39f0104cf1b618ad173a90831",
    "https://cdn.skypack.dev/-/@virtualstate/focus@v1.4.10-alpha.4-bz5BNVH93Pbx81dDY6cV/dist=es2019,mode=imports/optimized/common/to-tree-f162edf4.js": "977afdba7e0912b5234c5131df487a2cc087673727271bd9464284f4fe856c39",
    "https://cdn.skypack.dev/-/@virtualstate/kdl@v1.0.4-AZlW1ZIwjkQpwaAOfG3M/dist=es2019,mode=imports/optimized/@virtualstate/kdl.js": "5b3e543671d5167a57a4adcf498bb3d8f114c21b85f355f1d7e301e80a0dd688",
    "https://cdn.skypack.dev/-/@virtualstate/promise@v1.1.5-xBvSxP4cYsdszOO0ILUr/dist=es2019,mode=imports/optimized/@virtualstate/promise.js": "029b5b80d9ceef5e43ddcf2cea2d3e1aaea6e63074aa6587a7b129842fc5439f",
    "https://cdn.skypack.dev/-/@virtualstate/promise@v1.1.5-xBvSxP4cYsdszOO0ILUr/dist=es2019,mode=imports/optimized/@virtualstate/promise/all-settled.js": "0415629d57efea5f1923cfb52768180a6761e9a7d25d47dac5739a94b4d949f6",
    "https://cdn.skypack.dev/-/@virtualstate/promise@v1.1.5-xBvSxP4cYsdszOO0ILUr/dist=es2019,mode=imports/optimized/@virtualstate/promise/all.js": "2c41669c54c2d362dc8864fd02b533a4a09824653e785fa017a1870cc61ec2ca",
    "https://cdn.skypack.dev/-/@virtualstate/promise@v1.1.5-xBvSxP4cYsdszOO0ILUr/dist=es2019,mode=imports/optimized/@virtualstate/promise/the-sync-thing.js": "6be1cddc62f0246307a130a3a5fd8dbcfba8a0e5b2a6177f14cf1ea9329b7532",
    "https://cdn.skypack.dev/-/@virtualstate/promise@v1.1.5-xBvSxP4cYsdszOO0ILUr/dist=es2019,mode=imports/optimized/@virtualstate/promise/the-thing.js": "e051769606d961967bd9c6e1fcad41be88b56749b33a1fb4ffc423bb302d8de3",
    "https://cdn.skypack.dev/-/@virtualstate/promise@v1.1.5-xBvSxP4cYsdszOO0ILUr/dist=es2019,mode=imports/optimized/common/index-6f24e743.js": "b10fe4627b4acf671f71b96d59206f50d5082b32de5411bbd43261ac2579f6a9",
    "https://cdn.skypack.dev/-/@virtualstate/promise@v1.1.5-xBvSxP4cYsdszOO0ILUr/dist=es2019,mode=imports/optimized/common/index-9403417b.js": "b0ecf3f882a77bf73c8555a2c65d26573d38d76c2a48a409ea676ca6e936c779",
    "https://cdn.skypack.dev/-/@virtualstate/promise@v1.1.5-xBvSxP4cYsdszOO0ILUr/dist=es2019,mode=imports/optimized/common/index-d5b40445.js": "a5b4514a96af062b33f397bc7f5fe2565685aa2ab0cfeb8c0be52d1531a84e60",
    "https://cdn.skypack.dev/-/@virtualstate/promise@v1.1.5-xBvSxP4cYsdszOO0ILUr/dist=es2019,mode=imports/optimized/common/is-4228f737.js": "dec31faecfb35db166992e8adbe946b3e647c719a5949a36282c8de76f98d6d8",
    "https://cdn.skypack.dev/-/@virtualstate/promise@v1.1.5-xBvSxP4cYsdszOO0ILUr/dist=es2019,mode=imports/optimized/common/iterable-lifecycle-66c62935.js": "d6aef2460a64713ae241d641d01fe888746d49030c86bb6eba258b982881d830",
    "https://cdn.skypack.dev/-/@virtualstate/promise@v1.1.5-xBvSxP4cYsdszOO0ILUr/dist=es2019,mode=imports/optimized/common/like-9907a796.js": "c89ca140fa492fdb864b55e8801448a42532567e11978ef6a121821cf1a7f52f",
    "https://cdn.skypack.dev/-/@virtualstate/promise@v1.1.5-xBvSxP4cYsdszOO0ILUr/dist=es2019,mode=imports/optimized/common/split-04564eca.js": "7efdfffedbbca10e0a484f5ba58494edb578a7ad638d7d0bae9661dd3b2dee9d",
    "https://cdn.skypack.dev/-/@virtualstate/promise@v1.2.1-ykgPtD7nTJ6zI6lsaHat/dist=es2019,mode=imports/optimized/@virtualstate/promise.js": "d5bf65f76383991f084e2089cac034c5eea067c18462583957e57faa3759cc8a",
    "https://cdn.skypack.dev/-/@virtualstate/promise@v1.2.1-ykgPtD7nTJ6zI6lsaHat/dist=es2019,mode=imports/optimized/@virtualstate/promise/all-settled.js": "371b4cc4663df60b73fc06590dc8c2a8ca9861caec7c07df01bf8b4293ae1f2b",
    "https://cdn.skypack.dev/-/@virtualstate/promise@v1.2.1-ykgPtD7nTJ6zI6lsaHat/dist=es2019,mode=imports/optimized/@virtualstate/promise/all.js": "7ff072d07a527a14fbb3a404415e4d1f016fe20d0fb45f6911e93e6b4eeb996f",
    "https://cdn.skypack.dev/-/@virtualstate/promise@v1.2.1-ykgPtD7nTJ6zI6lsaHat/dist=es2019,mode=imports/optimized/@virtualstate/promise/the-sync-thing.js": "4b83db43ab179eb2758c859893d35a5a6c333ab85f43836fd92547bd13a490df",
    "https://cdn.skypack.dev/-/@virtualstate/promise@v1.2.1-ykgPtD7nTJ6zI6lsaHat/dist=es2019,mode=imports/optimized/@virtualstate/promise/the-thing.js": "22d8cead45a8709847bd29118f406e20ae9bf99544212ccc19d8cf4f1cde4441",
    "https://cdn.skypack.dev/-/@virtualstate/promise@v1.2.1-ykgPtD7nTJ6zI6lsaHat/dist=es2019,mode=imports/optimized/common/index-53a3e0dd.js": "55ae20bfe69e5963eff188b7313b67f5d3de146bb3a8da57af841631361525f6",
    "https://cdn.skypack.dev/-/@virtualstate/promise@v1.2.1-ykgPtD7nTJ6zI6lsaHat/dist=es2019,mode=imports/optimized/common/index-ce9ff307.js": "b8a58306820969e06487cba1545434b0f073f1e140bed57cc4f9c5d4c6774855",
    "https://cdn.skypack.dev/-/@virtualstate/promise@v1.2.1-ykgPtD7nTJ6zI6lsaHat/dist=es2019,mode=imports/optimized/common/index-e113fa1f.js": "b10fe4627b4acf671f71b96d59206f50d5082b32de5411bbd43261ac2579f6a9",
    "https://cdn.skypack.dev/-/@virtualstate/promise@v1.2.1-ykgPtD7nTJ6zI6lsaHat/dist=es2019,mode=imports/optimized/common/is-ed66bbc8.js": "7055e357be7fb82b131ba2a38a0abc633b35dfc05adff78fdcf671c13f0a875e",
    "https://cdn.skypack.dev/-/@virtualstate/promise@v1.2.1-ykgPtD7nTJ6zI6lsaHat/dist=es2019,mode=imports/optimized/common/iterable-lifecycle-b73b55b8.js": "00cf460ce7ae4c6cd8e92f3dcdd136429deb9ad9a2ac49f52acc9b8a32de5b5e",
    "https://cdn.skypack.dev/-/@virtualstate/promise@v1.2.1-ykgPtD7nTJ6zI6lsaHat/dist=es2019,mode=imports/optimized/common/like-ac8c816d.js": "c89ca140fa492fdb864b55e8801448a42532567e11978ef6a121821cf1a7f52f",
    "https://cdn.skypack.dev/-/@virtualstate/promise@v1.2.1-ykgPtD7nTJ6zI6lsaHat/dist=es2019,mode=imports/optimized/common/split-b41c1184.js": "76bb846231e794107c0ccf5aceacb3c08014544a84cec3f4fdb50805f920a3bc",
    "https://cdn.skypack.dev/-/@virtualstate/promise@v1.4.0-iEkq9o2jd4CLJxLIqwS9/dist=es2019,mode=imports/optimized/@virtualstate/promise.js": "8ebc2118d9ab8a7da8cacbc22799ae2dd176571858e84d2543b8d02505abcd8f",
    "https://cdn.skypack.dev/-/@virtualstate/promise@v1.4.0-iEkq9o2jd4CLJxLIqwS9/dist=es2019,mode=imports/optimized/@virtualstate/promise/all-settled.js": "5218e8df034eb98327073b3ae93f4413174db7d4989e3cea3568db2b37bfbb49",
    "https://cdn.skypack.dev/-/@virtualstate/promise@v1.4.0-iEkq9o2jd4CLJxLIqwS9/dist=es2019,mode=imports/optimized/@virtualstate/promise/all.js": "f781a320058480743955f365ba69dbb1574d40e4e68b4ff24922be57f3e5872e",
    "https://cdn.skypack.dev/-/@virtualstate/promise@v1.4.0-iEkq9o2jd4CLJxLIqwS9/dist=es2019,mode=imports/optimized/@virtualstate/promise/the-thing.js": "e819d5fcd97f05734f34441bad5ef80d8e4bd5e1d3fe8b18435322300c09c164",
    "https://cdn.skypack.dev/-/@virtualstate/promise@v1.4.0-iEkq9o2jd4CLJxLIqwS9/dist=es2019,mode=imports/optimized/common/index-294fce4b.js": "b10fe4627b4acf671f71b96d59206f50d5082b32de5411bbd43261ac2579f6a9",
    "https://cdn.skypack.dev/-/@virtualstate/promise@v1.4.0-iEkq9o2jd4CLJxLIqwS9/dist=es2019,mode=imports/optimized/common/index-bcb9d5a3.js": "019ace8b61cf128f185538781d20dd72f66a73a58c2f8c641176e1382a66f975",
    "https://cdn.skypack.dev/-/@virtualstate/promise@v1.4.0-iEkq9o2jd4CLJxLIqwS9/dist=es2019,mode=imports/optimized/common/index-bcf71814.js": "cf34953af4630d04ef29ed67dfcc64771b68aa2e8875e36fda43679addb509e0",
    "https://cdn.skypack.dev/-/@virtualstate/promise@v1.4.0-iEkq9o2jd4CLJxLIqwS9/dist=es2019,mode=imports/optimized/common/is-f13c37a1.js": "a8cdb1cc284b5e30f548f3e4c02611202dd96842313ad20c93fc9235c721e58e",
    "https://cdn.skypack.dev/-/@virtualstate/promise@v1.4.0-iEkq9o2jd4CLJxLIqwS9/dist=es2019,mode=imports/optimized/common/iterable-lifecycle-f8f39007.js": "76ba5aacf5e9ef16bef65043abc5d8b5fb6a330f7f168d6fd7cfce1fb529c5a1",
    "https://cdn.skypack.dev/-/@virtualstate/promise@v1.4.0-iEkq9o2jd4CLJxLIqwS9/dist=es2019,mode=imports/optimized/common/like-f0e96b17.js": "c89ca140fa492fdb864b55e8801448a42532567e11978ef6a121821cf1a7f52f",
    "https://cdn.skypack.dev/-/@virtualstate/promise@v1.4.0-iEkq9o2jd4CLJxLIqwS9/dist=es2019,mode=imports/optimized/common/split-301db38a.js": "f680a694273fab80ed4d46b2a9b99992718585bcf41920db7f6e0eee0420bcac",
    "https://cdn.skypack.dev/-/@virtualstate/union@v2.48.1-p9iyJNrvcaKYy99VdpyP/dist=es2019,mode=imports/optimized/@virtualstate/union.js": "571e4c3be64c801ea9f9cd2307b2d227e059d13a7730a3c6522d06e4ccf30501",
    "https://cdn.skypack.dev/-/chevrotain@v10.1.2-6Emw5eeuxI6qFx3OEPjT/dist=es2019,mode=imports/optimized/chevrotain.js": "c4edba08e2f71e99e87872cc00468ceefbec6448280d33fd2f1abf22f5a78154",
    "https://cdn.skypack.dev/-/regexp-to-ast@v0.5.0-BMjVC0DCjl9cwkxxQTTK/dist=es2019,mode=imports/optimized/regexp-to-ast.js": "59468381198700e86c415c82a09e8966531f925e6d3d44afce4f276b157b444f",
    "https://cdn.skypack.dev/-/urlpattern-polyfill@v8.0.2-Yly6pBhCXfAGWCZUF4AM/dist=es2019,mode=imports/optimized/urlpattern-polyfill.js": "df61ecb49275e4de50932de66b4e8c0706060d0f2a24a6f579650923ca98298b",
    "https://cdn.skypack.dev/-/urlpattern-polyfill@v8.0.2-Yly6pBhCXfAGWCZUF4AM/dist=es2019,mode=imports/optimized/urlpattern-polyfill/urlpattern.js": "d770bebcf6ac8fd251b157899d69dbed21f0b2b77ca2e05d725a233950adb3b4",
    "https://cdn.skypack.dev/@opennetwork/http-representation": "51a7b80caa081dfadd4249e285afb399a1861ec6e3572bf6f4f2e40dbd7cce7d",
    "https://cdn.skypack.dev/@virtualstate/composite-key": "f0bd5db79583922be968914953fc30c756b7dd659c4c6c234daa3c72c33bd547",
    "https://cdn.skypack.dev/@virtualstate/focus": "3b6542d31a473c8ee993a657afdf6a6226b230402c7a5549a1c5b505afbed0f2",
    "https://cdn.skypack.dev/@virtualstate/focus/static-h": "666e07964eb60a390b45f7cdf30dc4abe53bdc7c4729230ed3502cf426f804a4",
    "https://cdn.skypack.dev/@virtualstate/kdl": "6c9c4885a899ca2b56d295c89c92deb5c3681f15c300127bc96eaea14396077c",
    "https://cdn.skypack.dev/@virtualstate/promise": "3f4b2f6d74979c3c70a6136a256a6de00c6dc8edbfff99884c9d19528195de71",
    "https://cdn.skypack.dev/urlpattern-polyfill@8.0.2": "7362359e43c849a8ab03449357fa387054d66bab2452f1cadc8fcd0f3a79fee5",
    "https://deno.land/x/deno_dom@v0.1.56/build/deno-wasm/deno-wasm-dynamic.js": "fd05e83a855aa68b09396dc47a7638ef526c39917971715ac37e0fc3227db886",
    "https://deno.land/x/deno_dom@v0.1.56/build/deno-wasm/deno-wasm.js": "ccde5219e42040b8f7a8b653acc6c8cca197c29f98d6b75f74c48111e34bcbea",
    "https://deno.land/x/deno_dom@v0.1.56/build/deno-wasm/deno-wasm_bg-wasm.js": "52c57905a74047d1574f0b96e301ef1d5974cd962705615555b5e46b5ac420e4",
    "https://deno.land/x/deno_dom@v0.1.56/build/deno-wasm/deno-wasm_bg.wasm": "b5fbd7ede316f7c13e4a7b927a053a35b475a9acce7c7cae864e91d9b8dd24c7",
    "https://deno.land/x/deno_dom@v0.1.56/build/deno-wasm/env.js": "17da784c11b192c591dbf7df21ec6f65f63f45ca9a713e4ca100f3c886b4023f",
    "https://deno.land/x/deno_dom@v0.1.56/build/deno-wasm/wbg.js": "b5b6de12bc010fa23438c8a8276067b9044a405da516d0bbe4ae61b7c6d61a22",
    "https://deno.land/x/deno_dom@v0.1.56/deno-dom-wasm.ts": "34f0654b452568fbd95b8d1b2a493de19710ac9ceeb6b82f541d09c29613572d",
    "https://deno.land/x/deno_dom@v0.1.56/src/api.ts": "0ff5790f0a3eeecb4e00b7d8fbfa319b165962cf6d0182a65ba90f158d74f7d7",
    "https://deno.land/x/deno_dom@v0.1.56/src/constructor-lock.ts": "0e7b297e8b9cf921a3b0d3a692ec5fb462c5afc47ec554292e20090b9e16b40a",
    "https://deno.land/x/deno_dom@v0.1.56/src/deserialize.ts": "514953418b7ae558ed7361ad9be21013f46cba2f58bd7f4acc90cf1e89f9c8cf",
    "https://deno.land/x/deno_dom@v0.1.56/src/dom/document-fragment.ts": "0b915d094830d43b330dc2fb8012b990f2c815773c6cdcd4a9fdff99fe47412e",
    "https://deno.land/x/deno_dom@v0.1.56/src/dom/document.ts": "ad584ac4ce6dce03f0ff6ef4b7db86fd598f9c7824da1387f7f2acd7d6948e4a",
    "https://deno.land/x/deno_dom@v0.1.56/src/dom/dom-parser.ts": "ab5e8382700bc3936ac67e8d11b7bb9c6999a994ac8b070b7cae94e2d2ecee5a",
    "https://deno.land/x/deno_dom@v0.1.56/src/dom/element.ts": "9726ebf139b97ae96671d38da720988cfd6481ff9068ba13f3b0d00e72f0c8c0",
    "https://deno.land/x/deno_dom@v0.1.56/src/dom/elements/html-template-element.ts": "1707dfb4cbb145f3bcb94426d7cdedbaa336620d0afed30e99f50fe87ba24a98",
    "https://deno.land/x/deno_dom@v0.1.56/src/dom/html-collection.ts": "dcf328e883877f7748d3e20fb6319e739f297a6e24f4b00ec5b1a2f390cfa3c6",
    "https://deno.land/x/deno_dom@v0.1.56/src/dom/node-list.ts": "be9793475d82539da8b97a17b6b5538cc723538c10cc5820a23e5e4b2248845d",
    "https://deno.land/x/deno_dom@v0.1.56/src/dom/node.ts": "53ada9e4b2ae21f10f5941ff257ed4585920ae392020544648f349c05d15d30c",
    "https://deno.land/x/deno_dom@v0.1.56/src/dom/selectors/custom-api.ts": "852696bd58e534bc41bd3be9e2250b60b67cd95fd28ed16b1deff1d548531a71",
    "https://deno.land/x/deno_dom@v0.1.56/src/dom/selectors/nwsapi-types.ts": "c43b36c36acc5d32caabaa54fda8c9d239b2b0fcbce9a28efb93c84aa1021698",
    "https://deno.land/x/deno_dom@v0.1.56/src/dom/selectors/nwsapi.js": "985d7d8fc1eabbb88946b47a1c44c1b2d4aa79ff23c21424219f1528fa27a2ff",
    "https://deno.land/x/deno_dom@v0.1.56/src/dom/selectors/selectors.ts": "83eab57be2290fb48e3130533448c93c6c61239f2a2f3b85f1917f80ca0fdc75",
    "https://deno.land/x/deno_dom@v0.1.56/src/dom/selectors/sizzle-types.ts": "78149e2502409989ce861ed636b813b059e16bc267bb543e7c2b26ef43e4798b",
    "https://deno.land/x/deno_dom@v0.1.56/src/dom/selectors/sizzle.js": "c3aed60c1045a106d8e546ac2f85cc82e65f62d9af2f8f515210b9212286682a",
    "https://deno.land/x/deno_dom@v0.1.56/src/dom/string-cache.ts": "8e935804f7bac244cc70cec90a28c9f6d30fea14c61c2c4ea48fca274376d786",
    "https://deno.land/x/deno_dom@v0.1.56/src/dom/utils-types.ts": "96db30e3e4a75b194201bb9fa30988215da7f91b380fca6a5143e51ece2a8436",
    "https://deno.land/x/deno_dom@v0.1.56/src/dom/utils.ts": "bc429635e9204051ba1ecc1b212031b5ee7c6bcd95120c91bef696804aa67e74",
    "https://deno.land/x/deno_dom@v0.1.56/src/parser.ts": "e06b2300d693e6ae7564e53dfa5c9a9e97fdb8c044c39c52c8b93b5d60860be3"
  },
  "workspace": {
    "packageJson": {
      "dependencies": [
        "npm:@babel/cli@^7.15.4",
        "npm:@babel/core@^7.15.4",
        "npm:@babel/preset-env@^7.15.4",
        "npm:@opennetwork/http-representation@3",
        "npm:@rollup/plugin-node-resolve@^13.1.1",
        "npm:@rollup/plugin-typescript@^8.3.0",
        "npm:@types/chance@^1.1.3",
        "npm:@types/mkdirp@^1.0.2",
        "npm:@types/node@^18.14.1",
        "npm:@types/rimraf@^3.0.2",
        "npm:@types/whatwg-url@^8.2.1",
        "npm:@virtualstate/composite-key@1",
        "npm:@virtualstate/focus@^1.4.9",
        "npm:@virtualstate/kdl@^1.0.1-alpha.32",
        "npm:@virtualstate/promise@^1.3.4",
        "npm:@virtualstate/union@^2.48.1",
        "npm:c8@^7.11.3",
        "npm:chance@^1.1.8",
        "npm:cheerio@^1.0.0-rc.10",
        "npm:core-js@^3.17.2",
        "npm:dom-lite@^20.2.0",
        "npm:filehound@^1.17.4",
        "npm:mkdirp@^1.0.4",
        "npm:playwright@^1.25.2",
        "npm:rimraf@^3.0.2",
        "npm:rollup-plugin-babel@^4.4.0",
        "npm:rollup-plugin-ignore@^1.0.10",
        "npm:rollup@^2.61.1",
        "npm:ts-node@^10.2.1",
        "npm:typescript@^5.4.5",
        "npm:urlpattern-polyfill@^8.0.2",
        "npm:v8-to-istanbul@^8.1.0"
      ]
    }
  }
}
